
Microsoft Visual Studio Solution File, Format Version 12.00
# Visual Studio Version 17
VisualStudioVersion = 17.5.002.0
MinimumVisualStudioVersion = 10.0.40219.1
Project("{2150E333-8FDC-42A3-9474-1A3956D46DE8}") = ".NET", ".NET", "{EEE3F96D-5C79-4DC0-862F-AF1EC522AF73}"
EndProject
Project("{9A19103F-16F7-4668-BE54-9A1E7A4F7556}") = "WebAPIAutores", ".NET\WebAPIAutores\WebAPIAutores.csproj", "{CCDFA4F8-80B9-49F5-B50E-15A4F19128F7}"
EndProject
Global
	GlobalSection(SolutionConfigurationPlatforms) = preSolution
		Debug|Any CPU = Debug|Any CPU
		Release|Any CPU = Release|Any CPU
	EndGlobalSection
	GlobalSection(ProjectConfigurationPlatforms) = postSolution
		{CCDFA4F8-80B9-49F5-B50E-15A4F19128F7}.Debug|Any CPU.ActiveCfg = Debug|Any CPU
		{CCDFA4F8-80B9-49F5-B50E-15A4F19128F7}.Debug|Any CPU.Build.0 = Debug|Any CPU
		{CCDFA4F8-80B9-49F5-B50E-15A4F19128F7}.Release|Any CPU.ActiveCfg = Release|Any CPU
		{CCDFA4F8-80B9-49F5-B50E-15A4F19128F7}.Release|Any CPU.Build.0 = Release|Any CPU
	EndGlobalSection
	GlobalSection(SolutionProperties) = preSolution
		HideSolutionNode = FALSE
	EndGlobalSection
	GlobalSection(NestedProjects) = preSolution
		{CCDFA4F8-80B9-49F5-B50E-15A4F19128F7} = {EEE3F96D-5C79-4DC0-862F-AF1EC522AF73}
	EndGlobalSection
	GlobalSection(ExtensibilityGlobals) = postSolution
		SolutionGuid = {0C5A67A4-1964-4663-8100-0FE0432A7DBB}
	EndGlobalSection
EndGlobal
