
Microsoft Visual Studio Solution File, Format Version 12.00
# Visual Studio Version 17
VisualStudioVersion = 17.5.002.0
MinimumVisualStudioVersion = 10.0.40219.1
Project("{2150E333-8FDC-42A3-9474-1A3956D46DE8}") = ".NET", ".NET", "{4F4B804B-8DB8-422C-A1FA-1576C38C4A9B}"
EndProject
Project("{9A19103F-16F7-4668-BE54-9A1E7A4F7556}") = "WebAPIAutores", ".NET\WebAPIAutores\WebAPIAutores.csproj", "{8F904E78-D51B-4E37-8218-18A367DEE463}"
EndProject
Global
	GlobalSection(SolutionConfigurationPlatforms) = preSolution
		Debug|Any CPU = Debug|Any CPU
		Release|Any CPU = Release|Any CPU
	EndGlobalSection
	GlobalSection(ProjectConfigurationPlatforms) = postSolution
		{8F904E78-D51B-4E37-8218-18A367DEE463}.Debug|Any CPU.ActiveCfg = Debug|Any CPU
		{8F904E78-D51B-4E37-8218-18A367DEE463}.Debug|Any CPU.Build.0 = Debug|Any CPU
		{8F904E78-D51B-4E37-8218-18A367DEE463}.Release|Any CPU.ActiveCfg = Release|Any CPU
		{8F904E78-D51B-4E37-8218-18A367DEE463}.Release|Any CPU.Build.0 = Release|Any CPU
	EndGlobalSection
	GlobalSection(SolutionProperties) = preSolution
		HideSolutionNode = FALSE
	EndGlobalSection
	GlobalSection(NestedProjects) = preSolution
		{8F904E78-D51B-4E37-8218-18A367DEE463} = {4F4B804B-8DB8-422C-A1FA-1576C38C4A9B}
	EndGlobalSection
	GlobalSection(ExtensibilityGlobals) = postSolution
		SolutionGuid = {AF6F69AA-F135-4611-BE40-2A7DD44F0EA7}
	EndGlobalSection
EndGlobal
